
Microsoft Visual Studio Solution File, Format Version 12.00
# Visual Studio Version 17
VisualStudioVersion = 17.0.31903.59
MinimumVisualStudioVersion = 10.0.40219.1
Project("{9A19103F-16F7-4668-BE54-9A1E7A4F7556}") = "Controle", "Controle\Controle.csproj", "{86BC9566-5BA4-4BCF-8C0F-F5DB11A99627}"
EndProject
Global
	GlobalSection(SolutionConfigurationPlatforms) = preSolution
		Debug|Any CPU = Debug|Any CPU
		Release|Any CPU = Release|Any CPU
	EndGlobalSection
	GlobalSection(ProjectConfigurationPlatforms) = postSolution
		{86BC9566-5BA4-4BCF-8C0F-F5DB11A99627}.Debug|Any CPU.ActiveCfg = Debug|Any CPU
		{86BC9566-5BA4-4BCF-8C0F-F5DB11A99627}.Debug|Any CPU.Build.0 = Debug|Any CPU
		{86BC9566-5BA4-4BCF-8C0F-F5DB11A99627}.Release|Any CPU.ActiveCfg = Release|Any CPU
		{86BC9566-5BA4-4BCF-8C0F-F5DB11A99627}.Release|Any CPU.Build.0 = Release|Any CPU
	EndGlobalSection
	GlobalSection(SolutionProperties) = preSolution
		HideSolutionNode = FALSE
	EndGlobalSection
	GlobalSection(ExtensibilityGlobals) = postSolution
		SolutionGuid = {C254A9FE-E8CB-434E-A3F3-193D831BFFC0}
	EndGlobalSection
EndGlobal
